// !$*UTF8*$!
{
	archiveVersion = 1;
	classes = {
	};
	objectVersion = 51;
	objects = {

/* Begin PBXBuildFile section */
		4216944C24FFA9CE007A5A97 /* Error.swift in Sources */ = {isa = PBXBuildFile; fileRef = 4216944B24FFA9CE007A5A97 /* Error.swift */; };
		425273F124F11119009FD1A0 /* .gitignore in Resources */ = {isa = PBXBuildFile; fileRef = 425273F024F11119009FD1A0 /* .gitignore */; };
		425273F324F11474009FD1A0 /* CitiesGroupByID.swift in Sources */ = {isa = PBXBuildFile; fileRef = 425273F224F11474009FD1A0 /* CitiesGroupByID.swift */; };
		425273F524F13243009FD1A0 /* ClockByDayWeatherData2.swift in Sources */ = {isa = PBXBuildFile; fileRef = 425273F424F13243009FD1A0 /* ClockByDayWeatherData2.swift */; };
		425273F724F1576C009FD1A0 /* StructModelCitiesID.swift in Sources */ = {isa = PBXBuildFile; fileRef = 425273F624F1576C009FD1A0 /* StructModelCitiesID.swift */; };
		428CF4F024E9339300116531 /* NetworkWeatherManager.swift in Sources */ = {isa = PBXBuildFile; fileRef = 428CF4EF24E9339300116531 /* NetworkWeatherManager.swift */; };
		428CF4F224E933B800116531 /* StorageManager.swift in Sources */ = {isa = PBXBuildFile; fileRef = 428CF4F124E933B800116531 /* StorageManager.swift */; };
		428CF4F524E9344100116531 /* CurrentWeather.swift in Sources */ = {isa = PBXBuildFile; fileRef = 428CF4F424E9344100116531 /* CurrentWeather.swift */; };
		428CF4F724E9345D00116531 /* CurrentWeatherData.swift in Sources */ = {isa = PBXBuildFile; fileRef = 428CF4F624E9345D00116531 /* CurrentWeatherData.swift */; };
		428CF4F924E9347900116531 /* StructMiniModelWeather.swift in Sources */ = {isa = PBXBuildFile; fileRef = 428CF4F824E9347900116531 /* StructMiniModelWeather.swift */; };
		428CF4FB24E934AA00116531 /* Cities.swift in Sources */ = {isa = PBXBuildFile; fileRef = 428CF4FA24E934AA00116531 /* Cities.swift */; };
		428CF4FD24E934CF00116531 /* ClockByDayWeather.swift in Sources */ = {isa = PBXBuildFile; fileRef = 428CF4FC24E934CF00116531 /* ClockByDayWeather.swift */; };
		428CF4FF24E934E600116531 /* ClockByDayWeatherData.swift in Sources */ = {isa = PBXBuildFile; fileRef = 428CF4FE24E934E600116531 /* ClockByDayWeatherData.swift */; };
		428CF50424E9358600116531 /* CitiesTableViewController.swift in Sources */ = {isa = PBXBuildFile; fileRef = 428CF50324E9358600116531 /* CitiesTableViewController.swift */; };
		428CF50624E935D200116531 /* GalleryCollectionView.swift in Sources */ = {isa = PBXBuildFile; fileRef = 428CF50524E935D200116531 /* GalleryCollectionView.swift */; };
		428CF50824E935EC00116531 /* GalleryCollectionViewCell.swift in Sources */ = {isa = PBXBuildFile; fileRef = 428CF50724E935EC00116531 /* GalleryCollectionViewCell.swift */; };
		428CF50A24E9367A00116531 /* CitiesTableViewCell.swift in Sources */ = {isa = PBXBuildFile; fileRef = 428CF50924E9367A00116531 /* CitiesTableViewCell.swift */; };
		428CF50C24E938E400116531 /* Constants.swift in Sources */ = {isa = PBXBuildFile; fileRef = 428CF50B24E938E400116531 /* Constants.swift */; };
		42A9B20924E931E90028CBCB /* AppDelegate.swift in Sources */ = {isa = PBXBuildFile; fileRef = 42A9B20824E931E90028CBCB /* AppDelegate.swift */; };
		42A9B20B24E931E90028CBCB /* SceneDelegate.swift in Sources */ = {isa = PBXBuildFile; fileRef = 42A9B20A24E931E90028CBCB /* SceneDelegate.swift */; };
		42A9B20D24E931E90028CBCB /* ViewController.swift in Sources */ = {isa = PBXBuildFile; fileRef = 42A9B20C24E931E90028CBCB /* ViewController.swift */; };
		42A9B21024E931E90028CBCB /* Main.storyboard in Resources */ = {isa = PBXBuildFile; fileRef = 42A9B20E24E931E90028CBCB /* Main.storyboard */; };
		42A9B21224E931EB0028CBCB /* Assets.xcassets in Resources */ = {isa = PBXBuildFile; fileRef = 42A9B21124E931EB0028CBCB /* Assets.xcassets */; };
		42A9B21524E931EB0028CBCB /* LaunchScreen.storyboard in Resources */ = {isa = PBXBuildFile; fileRef = 42A9B21324E931EB0028CBCB /* LaunchScreen.storyboard */; };
		42A9B21E24E932970028CBCB /* ViewController+alertController.swift in Sources */ = {isa = PBXBuildFile; fileRef = 42A9B21D24E932970028CBCB /* ViewController+alertController.swift */; };
		42A9B22024E932CE0028CBCB /* UImage.swift in Sources */ = {isa = PBXBuildFile; fileRef = 42A9B21F24E932CE0028CBCB /* UImage.swift */; };
		F3C38E47F9407744D9D7DA01 /* Pods_CurrentWeather.framework in Frameworks */ = {isa = PBXBuildFile; fileRef = 62B05A6D532F01104266AC9B /* Pods_CurrentWeather.framework */; };
/* End PBXBuildFile section */

/* Begin PBXFileReference section */
		2A11A7FFA1ECBBC1BFBAAC70 /* Pods-CurrentWeather.release.xcconfig */ = {isa = PBXFileReference; includeInIndex = 1; lastKnownFileType = text.xcconfig; name = "Pods-CurrentWeather.release.xcconfig"; path = "Target Support Files/Pods-CurrentWeather/Pods-CurrentWeather.release.xcconfig"; sourceTree = "<group>"; };
		3632A15A83A790EF024D98A6 /* Pods-CurrentWeather.debug.xcconfig */ = {isa = PBXFileReference; includeInIndex = 1; lastKnownFileType = text.xcconfig; name = "Pods-CurrentWeather.debug.xcconfig"; path = "Target Support Files/Pods-CurrentWeather/Pods-CurrentWeather.debug.xcconfig"; sourceTree = "<group>"; };
		4216944B24FFA9CE007A5A97 /* Error.swift */ = {isa = PBXFileReference; lastKnownFileType = sourcecode.swift; path = Error.swift; sourceTree = "<group>"; };
		425273F024F11119009FD1A0 /* .gitignore */ = {isa = PBXFileReference; lastKnownFileType = text; path = .gitignore; sourceTree = "<group>"; };
		425273F224F11474009FD1A0 /* CitiesGroupByID.swift */ = {isa = PBXFileReference; lastKnownFileType = sourcecode.swift; path = CitiesGroupByID.swift; sourceTree = "<group>"; };
		425273F424F13243009FD1A0 /* ClockByDayWeatherData2.swift */ = {isa = PBXFileReference; lastKnownFileType = sourcecode.swift; path = ClockByDayWeatherData2.swift; sourceTree = "<group>"; };
		425273F624F1576C009FD1A0 /* StructModelCitiesID.swift */ = {isa = PBXFileReference; lastKnownFileType = sourcecode.swift; path = StructModelCitiesID.swift; sourceTree = "<group>"; };
		428CF4EF24E9339300116531 /* NetworkWeatherManager.swift */ = {isa = PBXFileReference; lastKnownFileType = sourcecode.swift; path = NetworkWeatherManager.swift; sourceTree = "<group>"; };
		428CF4F124E933B800116531 /* StorageManager.swift */ = {isa = PBXFileReference; lastKnownFileType = sourcecode.swift; path = StorageManager.swift; sourceTree = "<group>"; };
		428CF4F424E9344100116531 /* CurrentWeather.swift */ = {isa = PBXFileReference; lastKnownFileType = sourcecode.swift; path = CurrentWeather.swift; sourceTree = "<group>"; };
		428CF4F624E9345D00116531 /* CurrentWeatherData.swift */ = {isa = PBXFileReference; lastKnownFileType = sourcecode.swift; path = CurrentWeatherData.swift; sourceTree = "<group>"; };
		428CF4F824E9347900116531 /* StructMiniModelWeather.swift */ = {isa = PBXFileReference; lastKnownFileType = sourcecode.swift; path = StructMiniModelWeather.swift; sourceTree = "<group>"; };
		428CF4FA24E934AA00116531 /* Cities.swift */ = {isa = PBXFileReference; lastKnownFileType = sourcecode.swift; path = Cities.swift; sourceTree = "<group>"; };
		428CF4FC24E934CF00116531 /* ClockByDayWeather.swift */ = {isa = PBXFileReference; lastKnownFileType = sourcecode.swift; path = ClockByDayWeather.swift; sourceTree = "<group>"; };
		428CF4FE24E934E600116531 /* ClockByDayWeatherData.swift */ = {isa = PBXFileReference; lastKnownFileType = sourcecode.swift; path = ClockByDayWeatherData.swift; sourceTree = "<group>"; };
		428CF50324E9358600116531 /* CitiesTableViewController.swift */ = {isa = PBXFileReference; lastKnownFileType = sourcecode.swift; path = CitiesTableViewController.swift; sourceTree = "<group>"; };
		428CF50524E935D200116531 /* GalleryCollectionView.swift */ = {isa = PBXFileReference; lastKnownFileType = sourcecode.swift; path = GalleryCollectionView.swift; sourceTree = "<group>"; };
		428CF50724E935EC00116531 /* GalleryCollectionViewCell.swift */ = {isa = PBXFileReference; lastKnownFileType = sourcecode.swift; path = GalleryCollectionViewCell.swift; sourceTree = "<group>"; };
		428CF50924E9367A00116531 /* CitiesTableViewCell.swift */ = {isa = PBXFileReference; lastKnownFileType = sourcecode.swift; path = CitiesTableViewCell.swift; sourceTree = "<group>"; };
		428CF50B24E938E400116531 /* Constants.swift */ = {isa = PBXFileReference; lastKnownFileType = sourcecode.swift; path = Constants.swift; sourceTree = "<group>"; };
		42A9B20524E931E90028CBCB /* CurrentWeather.app */ = {isa = PBXFileReference; explicitFileType = wrapper.application; includeInIndex = 0; path = CurrentWeather.app; sourceTree = BUILT_PRODUCTS_DIR; };
		42A9B20824E931E90028CBCB /* AppDelegate.swift */ = {isa = PBXFileReference; lastKnownFileType = sourcecode.swift; path = AppDelegate.swift; sourceTree = "<group>"; };
		42A9B20A24E931E90028CBCB /* SceneDelegate.swift */ = {isa = PBXFileReference; lastKnownFileType = sourcecode.swift; path = SceneDelegate.swift; sourceTree = "<group>"; };
		42A9B20C24E931E90028CBCB /* ViewController.swift */ = {isa = PBXFileReference; lastKnownFileType = sourcecode.swift; path = ViewController.swift; sourceTree = "<group>"; };
		42A9B20F24E931E90028CBCB /* Base */ = {isa = PBXFileReference; lastKnownFileType = file.storyboard; name = Base; path = Base.lproj/Main.storyboard; sourceTree = "<group>"; };
		42A9B21124E931EB0028CBCB /* Assets.xcassets */ = {isa = PBXFileReference; lastKnownFileType = folder.assetcatalog; path = Assets.xcassets; sourceTree = "<group>"; };
		42A9B21424E931EB0028CBCB /* Base */ = {isa = PBXFileReference; lastKnownFileType = file.storyboard; name = Base; path = Base.lproj/LaunchScreen.storyboard; sourceTree = "<group>"; };
		42A9B21624E931EB0028CBCB /* Info.plist */ = {isa = PBXFileReference; lastKnownFileType = text.plist.xml; path = Info.plist; sourceTree = "<group>"; };
		42A9B21D24E932970028CBCB /* ViewController+alertController.swift */ = {isa = PBXFileReference; lastKnownFileType = sourcecode.swift; path = "ViewController+alertController.swift"; sourceTree = "<group>"; };
		42A9B21F24E932CE0028CBCB /* UImage.swift */ = {isa = PBXFileReference; lastKnownFileType = sourcecode.swift; path = UImage.swift; sourceTree = "<group>"; };
		62B05A6D532F01104266AC9B /* Pods_CurrentWeather.framework */ = {isa = PBXFileReference; explicitFileType = wrapper.framework; includeInIndex = 0; path = Pods_CurrentWeather.framework; sourceTree = BUILT_PRODUCTS_DIR; };
/* End PBXFileReference section */

/* Begin PBXFrameworksBuildPhase section */
		42A9B20224E931E90028CBCB /* Frameworks */ = {
			isa = PBXFrameworksBuildPhase;
			buildActionMask = 2147483647;
			files = (
				F3C38E47F9407744D9D7DA01 /* Pods_CurrentWeather.framework in Frameworks */,
			);
			runOnlyForDeploymentPostprocessing = 0;
		};
/* End PBXFrameworksBuildPhase section */

/* Begin PBXGroup section */
		4251C8D624FF820F00D3EF94 /* Storyboards */ = {
			isa = PBXGroup;
			children = (
				42A9B20E24E931E90028CBCB /* Main.storyboard */,
				42A9B21324E931EB0028CBCB /* LaunchScreen.storyboard */,
			);
			path = Storyboards;
			sourceTree = "<group>";
		};
		428CF4ED24E9336100116531 /* Supporting files */ = {
			isa = PBXGroup;
			children = (
				42A9B20824E931E90028CBCB /* AppDelegate.swift */,
				42A9B20A24E931E90028CBCB /* SceneDelegate.swift */,
				42A9B21124E931EB0028CBCB /* Assets.xcassets */,
				42A9B21624E931EB0028CBCB /* Info.plist */,
				428CF50B24E938E400116531 /* Constants.swift */,
			);
			path = "Supporting files";
			sourceTree = "<group>";
		};
		428CF4EE24E9337800116531 /* Manager */ = {
			isa = PBXGroup;
			children = (
				428CF4EF24E9339300116531 /* NetworkWeatherManager.swift */,
				428CF4F124E933B800116531 /* StorageManager.swift */,
			);
			path = Manager;
			sourceTree = "<group>";
		};
		428CF4F324E9341700116531 /* Models */ = {
			isa = PBXGroup;
			children = (
				428CF4F424E9344100116531 /* CurrentWeather.swift */,
				428CF4F624E9345D00116531 /* CurrentWeatherData.swift */,
				428CF4F824E9347900116531 /* StructMiniModelWeather.swift */,
				428CF4FA24E934AA00116531 /* Cities.swift */,
				428CF4FC24E934CF00116531 /* ClockByDayWeather.swift */,
				428CF4FE24E934E600116531 /* ClockByDayWeatherData.swift */,
				425273F224F11474009FD1A0 /* CitiesGroupByID.swift */,
				425273F424F13243009FD1A0 /* ClockByDayWeatherData2.swift */,
				425273F624F1576C009FD1A0 /* StructModelCitiesID.swift */,
				4216944B24FFA9CE007A5A97 /* Error.swift */,
			);
			path = Models;
			sourceTree = "<group>";
		};
		428CF50224E9356B00116531 /* Controllers */ = {
			isa = PBXGroup;
			children = (
				42A9B20C24E931E90028CBCB /* ViewController.swift */,
				428CF50324E9358600116531 /* CitiesTableViewController.swift */,
			);
			path = Controllers;
			sourceTree = "<group>";
		};
		42A9B1FC24E931E90028CBCB = {
			isa = PBXGroup;
			children = (
				425273F024F11119009FD1A0 /* .gitignore */,
				42A9B20724E931E90028CBCB /* CurrentWeather */,
				42A9B20624E931E90028CBCB /* Products */,
				9FD4B615B6B3904469AAC953 /* Pods */,
				618B6C8B3C2D37E7850650D7 /* Frameworks */,
			);
			sourceTree = "<group>";
		};
		42A9B20624E931E90028CBCB /* Products */ = {
			isa = PBXGroup;
			children = (
				42A9B20524E931E90028CBCB /* CurrentWeather.app */,
			);
			name = Products;
			sourceTree = "<group>";
		};
		42A9B20724E931E90028CBCB /* CurrentWeather */ = {
			isa = PBXGroup;
			children = (
				428CF50224E9356B00116531 /* Controllers */,
				428CF4F324E9341700116531 /* Models */,
				428CF4EE24E9337800116531 /* Manager */,
				42A9B21C24E932790028CBCB /* Extensions */,
				428CF4ED24E9336100116531 /* Supporting files */,
				42A9B22124E932F40028CBCB /* Views */,
				4251C8D624FF820F00D3EF94 /* Storyboards */,
			);
			path = CurrentWeather;
			sourceTree = "<group>";
		};
		42A9B21C24E932790028CBCB /* Extensions */ = {
			isa = PBXGroup;
			children = (
				42A9B21D24E932970028CBCB /* ViewController+alertController.swift */,
				42A9B21F24E932CE0028CBCB /* UImage.swift */,
			);
			path = Extensions;
			sourceTree = "<group>";
		};
		42A9B22124E932F40028CBCB /* Views */ = {
			isa = PBXGroup;
			children = (
				428CF50524E935D200116531 /* GalleryCollectionView.swift */,
				428CF50724E935EC00116531 /* GalleryCollectionViewCell.swift */,
				428CF50924E9367A00116531 /* CitiesTableViewCell.swift */,
			);
			path = Views;
			sourceTree = "<group>";
		};
		618B6C8B3C2D37E7850650D7 /* Frameworks */ = {
			isa = PBXGroup;
			children = (
				62B05A6D532F01104266AC9B /* Pods_CurrentWeather.framework */,
			);
			name = Frameworks;
			sourceTree = "<group>";
		};
		9FD4B615B6B3904469AAC953 /* Pods */ = {
			isa = PBXGroup;
			children = (
				3632A15A83A790EF024D98A6 /* Pods-CurrentWeather.debug.xcconfig */,
				2A11A7FFA1ECBBC1BFBAAC70 /* Pods-CurrentWeather.release.xcconfig */,
			);
			path = Pods;
			sourceTree = "<group>";
		};
/* End PBXGroup section */

/* Begin PBXNativeTarget section */
		42A9B20424E931E90028CBCB /* CurrentWeather */ = {
			isa = PBXNativeTarget;
			buildConfigurationList = 42A9B21924E931EB0028CBCB /* Build configuration list for PBXNativeTarget "CurrentWeather" */;
			buildPhases = (
				21CE916F1BEBD3CC6A13E478 /* [CP] Check Pods Manifest.lock */,
				42A9B20124E931E90028CBCB /* Sources */,
				42A9B20224E931E90028CBCB /* Frameworks */,
				42A9B20324E931E90028CBCB /* Resources */,
				B4E9761A1734AC9074422C65 /* [CP] Copy Pods Resources */,
				9D8682BD808E09424A95E149 /* [CP] Embed Pods Frameworks */,
			);
			buildRules = (
			);
			dependencies = (
			);
			name = CurrentWeather;
			productName = CurrentWeather;
			productReference = 42A9B20524E931E90028CBCB /* CurrentWeather.app */;
			productType = "com.apple.product-type.application";
		};
/* End PBXNativeTarget section */

/* Begin PBXProject section */
		42A9B1FD24E931E90028CBCB /* Project object */ = {
			isa = PBXProject;
			attributes = {
				LastSwiftUpdateCheck = 1160;
				LastUpgradeCheck = 1160;
				ORGANIZATIONNAME = RusellKh;
				TargetAttributes = {
					42A9B20424E931E90028CBCB = {
						CreatedOnToolsVersion = 11.6;
					};
				};
			};
			buildConfigurationList = 42A9B20024E931E90028CBCB /* Build configuration list for PBXProject "CurrentWeather" */;
			compatibilityVersion = "Xcode 9.3";
			developmentRegion = en;
			hasScannedForEncodings = 0;
			knownRegions = (
				en,
				Base,
			);
			mainGroup = 42A9B1FC24E931E90028CBCB;
			productRefGroup = 42A9B20624E931E90028CBCB /* Products */;
			projectDirPath = "";
			projectRoot = "";
			targets = (
				42A9B20424E931E90028CBCB /* CurrentWeather */,
			);
		};
/* End PBXProject section */

/* Begin PBXResourcesBuildPhase section */
		42A9B20324E931E90028CBCB /* Resources */ = {
			isa = PBXResourcesBuildPhase;
			buildActionMask = 2147483647;
			files = (
				425273F124F11119009FD1A0 /* .gitignore in Resources */,
				42A9B21524E931EB0028CBCB /* LaunchScreen.storyboard in Resources */,
				42A9B21224E931EB0028CBCB /* Assets.xcassets in Resources */,
				42A9B21024E931E90028CBCB /* Main.storyboard in Resources */,
			);
			runOnlyForDeploymentPostprocessing = 0;
		};
/* End PBXResourcesBuildPhase section */

/* Begin PBXShellScriptBuildPhase section */
		21CE916F1BEBD3CC6A13E478 /* [CP] Check Pods Manifest.lock */ = {
			isa = PBXShellScriptBuildPhase;
			buildActionMask = 2147483647;
			files = (
			);
			inputFileListPaths = (
			);
			inputPaths = (
				"${PODS_PODFILE_DIR_PATH}/Podfile.lock",
				"${PODS_ROOT}/Manifest.lock",
			);
			name = "[CP] Check Pods Manifest.lock";
			outputFileListPaths = (
			);
			outputPaths = (
				"$(DERIVED_FILE_DIR)/Pods-CurrentWeather-checkManifestLockResult.txt",
			);
			runOnlyForDeploymentPostprocessing = 0;
			shellPath = /bin/sh;
			shellScript = "diff \"${PODS_PODFILE_DIR_PATH}/Podfile.lock\" \"${PODS_ROOT}/Manifest.lock\" > /dev/null\nif [ $? != 0 ] ; then\n    # print error to STDERR\n    echo \"error: The sandbox is not in sync with the Podfile.lock. Run 'pod install' or update your CocoaPods installation.\" >&2\n    exit 1\nfi\n# This output is used by Xcode 'outputs' to avoid re-running this script phase.\necho \"SUCCESS\" > \"${SCRIPT_OUTPUT_FILE_0}\"\n";
			showEnvVarsInLog = 0;
		};
		9D8682BD808E09424A95E149 /* [CP] Embed Pods Frameworks */ = {
			isa = PBXShellScriptBuildPhase;
			buildActionMask = 2147483647;
			files = (
			);
			inputFileListPaths = (
				"${PODS_ROOT}/Target Support Files/Pods-CurrentWeather/Pods-CurrentWeather-frameworks-${CONFIGURATION}-input-files.xcfilelist",
			);
			name = "[CP] Embed Pods Frameworks";
			outputFileListPaths = (
				"${PODS_ROOT}/Target Support Files/Pods-CurrentWeather/Pods-CurrentWeather-frameworks-${CONFIGURATION}-output-files.xcfilelist",
			);
			runOnlyForDeploymentPostprocessing = 0;
			shellPath = /bin/sh;
			shellScript = "\"${PODS_ROOT}/Target Support Files/Pods-CurrentWeather/Pods-CurrentWeather-frameworks.sh\"\n";
			showEnvVarsInLog = 0;
		};
		B4E9761A1734AC9074422C65 /* [CP] Copy Pods Resources */ = {
			isa = PBXShellScriptBuildPhase;
			buildActionMask = 2147483647;
			files = (
			);
			inputFileListPaths = (
				"${PODS_ROOT}/Target Support Files/Pods-CurrentWeather/Pods-CurrentWeather-resources-${CONFIGURATION}-input-files.xcfilelist",
			);
			name = "[CP] Copy Pods Resources";
			outputFileListPaths = (
				"${PODS_ROOT}/Target Support Files/Pods-CurrentWeather/Pods-CurrentWeather-resources-${CONFIGURATION}-output-files.xcfilelist",
			);
			runOnlyForDeploymentPostprocessing = 0;
			shellPath = /bin/sh;
			shellScript = "\"${PODS_ROOT}/Target Support Files/Pods-CurrentWeather/Pods-CurrentWeather-resources.sh\"\n";
			showEnvVarsInLog = 0;
		};
/* End PBXShellScriptBuildPhase section */

/* Begin PBXSourcesBuildPhase section */
		42A9B20124E931E90028CBCB /* Sources */ = {
			isa = PBXSourcesBuildPhase;
			buildActionMask = 2147483647;
			files = (
				42A9B22024E932CE0028CBCB /* UImage.swift in Sources */,
				428CF50824E935EC00116531 /* GalleryCollectionViewCell.swift in Sources */,
				42A9B20D24E931E90028CBCB /* ViewController.swift in Sources */,
				428CF4F524E9344100116531 /* CurrentWeather.swift in Sources */,
				428CF50624E935D200116531 /* GalleryCollectionView.swift in Sources */,
				428CF4FD24E934CF00116531 /* ClockByDayWeather.swift in Sources */,
				428CF50424E9358600116531 /* CitiesTableViewController.swift in Sources */,
				425273F524F13243009FD1A0 /* ClockByDayWeatherData2.swift in Sources */,
				428CF4FF24E934E600116531 /* ClockByDayWeatherData.swift in Sources */,
				42A9B21E24E932970028CBCB /* ViewController+alertController.swift in Sources */,
				425273F324F11474009FD1A0 /* CitiesGroupByID.swift in Sources */,
				428CF4F224E933B800116531 /* StorageManager.swift in Sources */,
				428CF4F724E9345D00116531 /* CurrentWeatherData.swift in Sources */,
				428CF50A24E9367A00116531 /* CitiesTableViewCell.swift in Sources */,
				4216944C24FFA9CE007A5A97 /* Error.swift in Sources */,
				428CF4FB24E934AA00116531 /* Cities.swift in Sources */,
				428CF4F924E9347900116531 /* StructMiniModelWeather.swift in Sources */,
				428CF4F024E9339300116531 /* NetworkWeatherManager.swift in Sources */,
				425273F724F1576C009FD1A0 /* StructModelCitiesID.swift in Sources */,
				42A9B20924E931E90028CBCB /* AppDelegate.swift in Sources */,
				42A9B20B24E931E90028CBCB /* SceneDelegate.swift in Sources */,
				428CF50C24E938E400116531 /* Constants.swift in Sources */,
			);
			runOnlyForDeploymentPostprocessing = 0;
		};
/* End PBXSourcesBuildPhase section */

/* Begin PBXVariantGroup section */
		42A9B20E24E931E90028CBCB /* Main.storyboard */ = {
			isa = PBXVariantGroup;
			children = (
				42A9B20F24E931E90028CBCB /* Base */,
			);
			name = Main.storyboard;
			sourceTree = "<group>";
		};
		42A9B21324E931EB0028CBCB /* LaunchScreen.storyboard */ = {
			isa = PBXVariantGroup;
			children = (
				42A9B21424E931EB0028CBCB /* Base */,
			);
			name = LaunchScreen.storyboard;
			sourceTree = "<group>";
		};
/* End PBXVariantGroup section */

/* Begin XCBuildConfiguration section */
		42A9B21724E931EB0028CBCB /* Debug */ = {
			isa = XCBuildConfiguration;
			buildSettings = {
				ALWAYS_SEARCH_USER_PATHS = NO;
				CLANG_ANALYZER_NONNULL = YES;
				CLANG_ANALYZER_NUMBER_OBJECT_CONVERSION = YES_AGGRESSIVE;
				CLANG_CXX_LANGUAGE_STANDARD = "gnu++14";
				CLANG_CXX_LIBRARY = "libc++";
				CLANG_ENABLE_MODULES = YES;
				CLANG_ENABLE_OBJC_ARC = YES;
				CLANG_ENABLE_OBJC_WEAK = YES;
				CLANG_WARN_BLOCK_CAPTURE_AUTORELEASING = YES;
				CLANG_WARN_BOOL_CONVERSION = YES;
				CLANG_WARN_COMMA = YES;
				CLANG_WARN_CONSTANT_CONVERSION = YES;
				CLANG_WARN_DEPRECATED_OBJC_IMPLEMENTATIONS = YES;
				CLANG_WARN_DIRECT_OBJC_ISA_USAGE = YES_ERROR;
				CLANG_WARN_DOCUMENTATION_COMMENTS = YES;
				CLANG_WARN_EMPTY_BODY = YES;
				CLANG_WARN_ENUM_CONVERSION = YES;
				CLANG_WARN_INFINITE_RECURSION = YES;
				CLANG_WARN_INT_CONVERSION = YES;
				CLANG_WARN_NON_LITERAL_NULL_CONVERSION = YES;
				CLANG_WARN_OBJC_IMPLICIT_RETAIN_SELF = YES;
				CLANG_WARN_OBJC_LITERAL_CONVERSION = YES;
				CLANG_WARN_OBJC_ROOT_CLASS = YES_ERROR;
				CLANG_WARN_RANGE_LOOP_ANALYSIS = YES;
				CLANG_WARN_STRICT_PROTOTYPES = YES;
				CLANG_WARN_SUSPICIOUS_MOVE = YES;
				CLANG_WARN_UNGUARDED_AVAILABILITY = YES_AGGRESSIVE;
				CLANG_WARN_UNREACHABLE_CODE = YES;
				CLANG_WARN__DUPLICATE_METHOD_MATCH = YES;
				COPY_PHASE_STRIP = NO;
				DEBUG_INFORMATION_FORMAT = dwarf;
				ENABLE_STRICT_OBJC_MSGSEND = YES;
				ENABLE_TESTABILITY = YES;
				GCC_C_LANGUAGE_STANDARD = gnu11;
				GCC_DYNAMIC_NO_PIC = NO;
				GCC_NO_COMMON_BLOCKS = YES;
				GCC_OPTIMIZATION_LEVEL = 0;
				GCC_PREPROCESSOR_DEFINITIONS = (
					"DEBUG=1",
					"$(inherited)",
				);
				GCC_WARN_64_TO_32_BIT_CONVERSION = YES;
				GCC_WARN_ABOUT_RETURN_TYPE = YES_ERROR;
				GCC_WARN_UNDECLARED_SELECTOR = YES;
				GCC_WARN_UNINITIALIZED_AUTOS = YES_AGGRESSIVE;
				GCC_WARN_UNUSED_FUNCTION = YES;
				GCC_WARN_UNUSED_VARIABLE = YES;
				IPHONEOS_DEPLOYMENT_TARGET = 13.6;
				MTL_ENABLE_DEBUG_INFO = INCLUDE_SOURCE;
				MTL_FAST_MATH = YES;
				ONLY_ACTIVE_ARCH = YES;
				SDKROOT = iphoneos;
				SWIFT_ACTIVE_COMPILATION_CONDITIONS = DEBUG;
				SWIFT_OPTIMIZATION_LEVEL = "-Onone";
			};
			name = Debug;
		};
		42A9B21824E931EB0028CBCB /* Release */ = {
			isa = XCBuildConfiguration;
			buildSettings = {
				ALWAYS_SEARCH_USER_PATHS = NO;
				CLANG_ANALYZER_NONNULL = YES;
				CLANG_ANALYZER_NUMBER_OBJECT_CONVERSION = YES_AGGRESSIVE;
				CLANG_CXX_LANGUAGE_STANDARD = "gnu++14";
				CLANG_CXX_LIBRARY = "libc++";
				CLANG_ENABLE_MODULES = YES;
				CLANG_ENABLE_OBJC_ARC = YES;
				CLANG_ENABLE_OBJC_WEAK = YES;
				CLANG_WARN_BLOCK_CAPTURE_AUTORELEASING = YES;
				CLANG_WARN_BOOL_CONVERSION = YES;
				CLANG_WARN_COMMA = YES;
				CLANG_WARN_CONSTANT_CONVERSION = YES;
				CLANG_WARN_DEPRECATED_OBJC_IMPLEMENTATIONS = YES;
				CLANG_WARN_DIRECT_OBJC_ISA_USAGE = YES_ERROR;
				CLANG_WARN_DOCUMENTATION_COMMENTS = YES;
				CLANG_WARN_EMPTY_BODY = YES;
				CLANG_WARN_ENUM_CONVERSION = YES;
				CLANG_WARN_INFINITE_RECURSION = YES;
				CLANG_WARN_INT_CONVERSION = YES;
				CLANG_WARN_NON_LITERAL_NULL_CONVERSION = YES;
				CLANG_WARN_OBJC_IMPLICIT_RETAIN_SELF = YES;
				CLANG_WARN_OBJC_LITERAL_CONVERSION = YES;
				CLANG_WARN_OBJC_ROOT_CLASS = YES_ERROR;
				CLANG_WARN_RANGE_LOOP_ANALYSIS = YES;
				CLANG_WARN_STRICT_PROTOTYPES = YES;
				CLANG_WARN_SUSPICIOUS_MOVE = YES;
				CLANG_WARN_UNGUARDED_AVAILABILITY = YES_AGGRESSIVE;
				CLANG_WARN_UNREACHABLE_CODE = YES;
				CLANG_WARN__DUPLICATE_METHOD_MATCH = YES;
				COPY_PHASE_STRIP = NO;
				DEBUG_INFORMATION_FORMAT = "dwarf-with-dsym";
				ENABLE_NS_ASSERTIONS = NO;
				ENABLE_STRICT_OBJC_MSGSEND = YES;
				GCC_C_LANGUAGE_STANDARD = gnu11;
				GCC_NO_COMMON_BLOCKS = YES;
				GCC_WARN_64_TO_32_BIT_CONVERSION = YES;
				GCC_WARN_ABOUT_RETURN_TYPE = YES_ERROR;
				GCC_WARN_UNDECLARED_SELECTOR = YES;
				GCC_WARN_UNINITIALIZED_AUTOS = YES_AGGRESSIVE;
				GCC_WARN_UNUSED_FUNCTION = YES;
				GCC_WARN_UNUSED_VARIABLE = YES;
				IPHONEOS_DEPLOYMENT_TARGET = 13.6;
				MTL_ENABLE_DEBUG_INFO = NO;
				MTL_FAST_MATH = YES;
				SDKROOT = iphoneos;
				SWIFT_COMPILATION_MODE = wholemodule;
				SWIFT_OPTIMIZATION_LEVEL = "-O";
				VALIDATE_PRODUCT = YES;
			};
			name = Release;
		};
		42A9B21A24E931EB0028CBCB /* Debug */ = {
			isa = XCBuildConfiguration;
			baseConfigurationReference = 3632A15A83A790EF024D98A6 /* Pods-CurrentWeather.debug.xcconfig */;
			buildSettings = {
				ASSETCATALOG_COMPILER_APPICON_NAME = AppIcon;
				CODE_SIGN_STYLE = Automatic;
				DEVELOPMENT_TEAM = MX627F9AXS;
				INFOPLIST_FILE = "CurrentWeather/Supporting files/Info.plist";
				LD_RUNPATH_SEARCH_PATHS = (
					"$(inherited)",
					"@executable_path/Frameworks",
				);
				PRODUCT_BUNDLE_IDENTIFIER = com.rusellkh87.CurrentWeather;
				PRODUCT_NAME = "$(TARGET_NAME)";
				SWIFT_VERSION = 5.0;
				TARGETED_DEVICE_FAMILY = 1;
			};
			name = Debug;
		};
		42A9B21B24E931EB0028CBCB /* Release */ = {
			isa = XCBuildConfiguration;
			baseConfigurationReference = 2A11A7FFA1ECBBC1BFBAAC70 /* Pods-CurrentWeather.release.xcconfig */;
			buildSettings = {
				ASSETCATALOG_COMPILER_APPICON_NAME = AppIcon;
				CODE_SIGN_STYLE = Automatic;
				DEVELOPMENT_TEAM = MX627F9AXS;
				INFOPLIST_FILE = "CurrentWeather/Supporting files/Info.plist";
				LD_RUNPATH_SEARCH_PATHS = (
					"$(inherited)",
					"@executable_path/Frameworks",
				);
				PRODUCT_BUNDLE_IDENTIFIER = com.rusellkh87.CurrentWeather;
				PRODUCT_NAME = "$(TARGET_NAME)";
				SWIFT_VERSION = 5.0;
				TARGETED_DEVICE_FAMILY = 1;
			};
			name = Release;
		};
/* End XCBuildConfiguration section */

/* Begin XCConfigurationList section */
		42A9B20024E931E90028CBCB /* Build configuration list for PBXProject "CurrentWeather" */ = {
			isa = XCConfigurationList;
			buildConfigurations = (
				42A9B21724E931EB0028CBCB /* Debug */,
				42A9B21824E931EB0028CBCB /* Release */,
			);
			defaultConfigurationIsVisible = 0;
			defaultConfigurationName = Release;
		};
		42A9B21924E931EB0028CBCB /* Build configuration list for PBXNativeTarget "CurrentWeather" */ = {
			isa = XCConfigurationList;
			buildConfigurations = (
				42A9B21A24E931EB0028CBCB /* Debug */,
				42A9B21B24E931EB0028CBCB /* Release */,
			);
			defaultConfigurationIsVisible = 0;
			defaultConfigurationName = Release;
		};
/* End XCConfigurationList section */
	};
	rootObject = 42A9B1FD24E931E90028CBCB /* Project object */;
}
